
Microsoft Visual Studio Solution File, Format Version 12.00
# Visual Studio Version 16
VisualStudioVersion = 16.0.31402.337
MinimumVisualStudioVersion = 10.0.40219.1
Project("{FAE04EC0-301F-11D3-BF4B-00C04F79EFBC}") = "GTA PRIV", "GTA PRIV\GTA PRIV.csproj", "{AAA9FBB7-9516-484B-B964-A02E54C7E961}"
EndProject
Global
	GlobalSection(SolutionConfigurationPlatforms) = preSolution
		Debug|Any CPU = Debug|Any CPU
		Release|Any CPU = Release|Any CPU
	EndGlobalSection
	GlobalSection(ProjectConfigurationPlatforms) = postSolution
		{AAA9FBB7-9516-484B-B964-A02E54C7E961}.Debug|Any CPU.ActiveCfg = Debug|Any CPU
		{AAA9FBB7-9516-484B-B964-A02E54C7E961}.Debug|Any CPU.Build.0 = Debug|Any CPU
		{AAA9FBB7-9516-484B-B964-A02E54C7E961}.Release|Any CPU.ActiveCfg = Release|Any CPU
		{AAA9FBB7-9516-484B-B964-A02E54C7E961}.Release|Any CPU.Build.0 = Release|Any CPU
	EndGlobalSection
	GlobalSection(SolutionProperties) = preSolution
		HideSolutionNode = FALSE
	EndGlobalSection
	GlobalSection(ExtensibilityGlobals) = postSolution
		SolutionGuid = {F66A9837-74AA-4344-8534-52A2B7F0CB8F}
	EndGlobalSection
EndGlobal
